// !$*UTF8*$!
{
	archiveVersion = 1;
	classes = {
	};
	objectVersion = 55;
	objects = {

/* Begin PBXBuildFile section */
		6139177327CA9A0F00B1798D /* UImageView + Extension.swift in Sources */ = {isa = PBXBuildFile; fileRef = 6139177227CA9A0F00B1798D /* UImageView + Extension.swift */; };
		6139177527CBEC3000B1798D /* SearchByNameRoutingEntry.swift in Sources */ = {isa = PBXBuildFile; fileRef = 6139177427CBEC3000B1798D /* SearchByNameRoutingEntry.swift */; };
		6139177727CBEC5100B1798D /* UserPageRouting.swift in Sources */ = {isa = PBXBuildFile; fileRef = 6139177627CBEC5100B1798D /* UserPageRouting.swift */; };
		6139177A27CBEF0800B1798D /* HeaderVM.swift in Sources */ = {isa = PBXBuildFile; fileRef = 6139177927CBEF0800B1798D /* HeaderVM.swift */; };
		6139177C27CBF16200B1798D /* UserPageViewModel.swift in Sources */ = {isa = PBXBuildFile; fileRef = 6139177B27CBF16200B1798D /* UserPageViewModel.swift */; };
		6139177E27CBF2C300B1798D /* UserSection.swift in Sources */ = {isa = PBXBuildFile; fileRef = 6139177D27CBF2C300B1798D /* UserSection.swift */; };
		6139178027CBF2D100B1798D /* UserCellVM.swift in Sources */ = {isa = PBXBuildFile; fileRef = 6139177F27CBF2D100B1798D /* UserCellVM.swift */; };
		613AC51F27F1BB3200803797 /* UserList in Resources */ = {isa = PBXBuildFile; fileRef = 613AC51E27F1BB3200803797 /* UserList */; };
		613AC52127F1C3C600803797 /* StoobData.swift in Sources */ = {isa = PBXBuildFile; fileRef = 613AC52027F1C3C600803797 /* StoobData.swift */; };
		613AC52327F1F8D500803797 /* HomeVMTests.swift in Sources */ = {isa = PBXBuildFile; fileRef = 613AC52227F1F8D500803797 /* HomeVMTests.swift */; };
		613AC52527F2077800803797 /* SearchVMtests.swift in Sources */ = {isa = PBXBuildFile; fileRef = 613AC52427F2077800803797 /* SearchVMtests.swift */; };
		6142518127CD2A3F006736D4 /* UserPageCell.swift in Sources */ = {isa = PBXBuildFile; fileRef = 6142517F27CD2A3F006736D4 /* UserPageCell.swift */; };
		6142518227CD2A3F006736D4 /* UserPageCell.xib in Resources */ = {isa = PBXBuildFile; fileRef = 6142518027CD2A3F006736D4 /* UserPageCell.xib */; };
		6142518427CD2A8A006736D4 /* SearchViewModel.swift in Sources */ = {isa = PBXBuildFile; fileRef = 6142518327CD2A8A006736D4 /* SearchViewModel.swift */; };
		6142518627CD41DB006736D4 /* ResultsSections.swift in Sources */ = {isa = PBXBuildFile; fileRef = 6142518527CD41DB006736D4 /* ResultsSections.swift */; };
		6142518827CD5245006736D4 /* WorlReusable.swift in Sources */ = {isa = PBXBuildFile; fileRef = 6142518727CD5245006736D4 /* WorlReusable.swift */; };
		6142518B27CD67D1006736D4 /* WorldReusableView.swift in Sources */ = {isa = PBXBuildFile; fileRef = 6142518927CD67D1006736D4 /* WorldReusableView.swift */; };
		6142518C27CD67D1006736D4 /* WorldReusableView.xib in Resources */ = {isa = PBXBuildFile; fileRef = 6142518A27CD67D1006736D4 /* WorldReusableView.xib */; };
		6148D5EF27CE35C800B47E12 /* MockAPIService.swift in Sources */ = {isa = PBXBuildFile; fileRef = 6148D5EE27CE35C800B47E12 /* MockAPIService.swift */; };
		6148D5F127CE9F1D00B47E12 /* UiCollectionView+LoadMore.swift in Sources */ = {isa = PBXBuildFile; fileRef = 6148D5F027CE9F1D00B47E12 /* UiCollectionView+LoadMore.swift */; };
		615FEE4A27CCC5770047A77C /* BaseCollectionViewController.swift in Sources */ = {isa = PBXBuildFile; fileRef = 615FEE4827CCC5770047A77C /* BaseCollectionViewController.swift */; };
		615FEE4B27CCC5770047A77C /* BaseCollectionViewController.xib in Resources */ = {isa = PBXBuildFile; fileRef = 615FEE4927CCC5770047A77C /* BaseCollectionViewController.xib */; };
		615FEE4E27CCC5BA0047A77C /* CompositionalLayoutProtocol.swift in Sources */ = {isa = PBXBuildFile; fileRef = 615FEE4D27CCC5BA0047A77C /* CompositionalLayoutProtocol.swift */; };
		615FEE5027CCC5EA0047A77C /* HomeLayout.swift in Sources */ = {isa = PBXBuildFile; fileRef = 615FEE4F27CCC5EA0047A77C /* HomeLayout.swift */; };
		615FEE5327CCD3600047A77C /* HomeViewCell.swift in Sources */ = {isa = PBXBuildFile; fileRef = 615FEE5127CCD3600047A77C /* HomeViewCell.swift */; };
		615FEE5427CCD3600047A77C /* HomeViewCell.xib in Resources */ = {isa = PBXBuildFile; fileRef = 615FEE5227CCD3600047A77C /* HomeViewCell.xib */; };
		615FEE5827CCD6360047A77C /* SearchView.swift in Sources */ = {isa = PBXBuildFile; fileRef = 615FEE5627CCD6360047A77C /* SearchView.swift */; };
		615FEE5927CCD6360047A77C /* SearchView.xib in Resources */ = {isa = PBXBuildFile; fileRef = 615FEE5727CCD6360047A77C /* SearchView.xib */; };
		61BA249727C528D600DE6420 /* AppDelegate.swift in Sources */ = {isa = PBXBuildFile; fileRef = 61BA249627C528D600DE6420 /* AppDelegate.swift */; };
		61BA249927C528D600DE6420 /* SceneDelegate.swift in Sources */ = {isa = PBXBuildFile; fileRef = 61BA249827C528D600DE6420 /* SceneDelegate.swift */; };
		61BA249B27C528D600DE6420 /* TabBarViewController.swift in Sources */ = {isa = PBXBuildFile; fileRef = 61BA249A27C528D600DE6420 /* TabBarViewController.swift */; };
		61BA24A027C528D800DE6420 /* Assets.xcassets in Resources */ = {isa = PBXBuildFile; fileRef = 61BA249F27C528D800DE6420 /* Assets.xcassets */; };
		61BA24A327C528D800DE6420 /* LaunchScreen.storyboard in Resources */ = {isa = PBXBuildFile; fileRef = 61BA24A127C528D800DE6420 /* LaunchScreen.storyboard */; };
		61BA24B127C5319E00DE6420 /* ProtocolViewModel.swift in Sources */ = {isa = PBXBuildFile; fileRef = 61BA24B027C5319E00DE6420 /* ProtocolViewModel.swift */; };
		61BA24B327C531CF00DE6420 /* Section.swift in Sources */ = {isa = PBXBuildFile; fileRef = 61BA24B227C531CF00DE6420 /* Section.swift */; };
		61BA24B527C531D900DE6420 /* CellViewModel.swift in Sources */ = {isa = PBXBuildFile; fileRef = 61BA24B427C531D900DE6420 /* CellViewModel.swift */; };
		61BA24B727C531EE00DE6420 /* CellConfigurable.swift in Sources */ = {isa = PBXBuildFile; fileRef = 61BA24B627C531EE00DE6420 /* CellConfigurable.swift */; };
		61BA24C227C547C300DE6420 /* HomeViewModel.swift in Sources */ = {isa = PBXBuildFile; fileRef = 61BA24C127C547C300DE6420 /* HomeViewModel.swift */; };
		61BA24C627C564FA00DE6420 /* HomeSection.swift in Sources */ = {isa = PBXBuildFile; fileRef = 61BA24C527C564FA00DE6420 /* HomeSection.swift */; };
		61BA24C827C5650900DE6420 /* HomeCellVM.swift in Sources */ = {isa = PBXBuildFile; fileRef = 61BA24C727C5650900DE6420 /* HomeCellVM.swift */; };
		61BA24CA27C6438E00DE6420 /* APIRequest.swift in Sources */ = {isa = PBXBuildFile; fileRef = 61BA24C927C6438E00DE6420 /* APIRequest.swift */; };
		61BA24CC27C658DB00DE6420 /* UserModel.swift in Sources */ = {isa = PBXBuildFile; fileRef = 61BA24CB27C658DB00DE6420 /* UserModel.swift */; };
		61BA24CE27C69C4300DE6420 /* ErrorRandomUser.swift in Sources */ = {isa = PBXBuildFile; fileRef = 61BA24CD27C69C4300DE6420 /* ErrorRandomUser.swift */; };
		61BA24D027C69D1200DE6420 /* RandomUserService.swift in Sources */ = {isa = PBXBuildFile; fileRef = 61BA24CF27C69D1200DE6420 /* RandomUserService.swift */; };
		61BA24DB27C6A8C700DE6420 /* UIViewController+Controller.swift in Sources */ = {isa = PBXBuildFile; fileRef = 61BA24D327C6A8C700DE6420 /* UIViewController+Controller.swift */; };
		61BA24DC27C6A8C700DE6420 /* UINavigationController+NavController.swift in Sources */ = {isa = PBXBuildFile; fileRef = 61BA24D427C6A8C700DE6420 /* UINavigationController+NavController.swift */; };
		61BA24DD27C6A8C700DE6420 /* Navigation.swift in Sources */ = {isa = PBXBuildFile; fileRef = 61BA24D527C6A8C700DE6420 /* Navigation.swift */; };
		61BA24DE27C6A8C700DE6420 /* AlertRoutingEntry.swift in Sources */ = {isa = PBXBuildFile; fileRef = 61BA24D627C6A8C700DE6420 /* AlertRoutingEntry.swift */; };
		61BA24DF27C6A8C700DE6420 /* Router.swift in Sources */ = {isa = PBXBuildFile; fileRef = 61BA24D727C6A8C700DE6420 /* Router.swift */; };
		61BA24E027C6A8C700DE6420 /* Routing.swift in Sources */ = {isa = PBXBuildFile; fileRef = 61BA24D827C6A8C700DE6420 /* Routing.swift */; };
		61BA24E127C6A8C700DE6420 /* RouterEntry.swift in Sources */ = {isa = PBXBuildFile; fileRef = 61BA24D927C6A8C700DE6420 /* RouterEntry.swift */; };
		61BA24E227C6A8C700DE6420 /* Navigator.swift in Sources */ = {isa = PBXBuildFile; fileRef = 61BA24DA27C6A8C700DE6420 /* Navigator.swift */; };
		61BA24F727C6BB1A00DE6420 /* EmptyProtocol.swift in Sources */ = {isa = PBXBuildFile; fileRef = 61BA24F627C6BB1A00DE6420 /* EmptyProtocol.swift */; };
		61BA24F927C6BE5200DE6420 /* UIScrollView+Empty.swift in Sources */ = {isa = PBXBuildFile; fileRef = 61BA24F827C6BE5200DE6420 /* UIScrollView+Empty.swift */; };
		61BA24FB27C6CCF700DE6420 /* EmptyLoader.swift in Sources */ = {isa = PBXBuildFile; fileRef = 61BA24FA27C6CCF700DE6420 /* EmptyLoader.swift */; };
		61BA251F27C91DFA00DE6420 /* EmptyError.swift in Sources */ = {isa = PBXBuildFile; fileRef = 61BA251E27C91DFA00DE6420 /* EmptyError.swift */; };
		61BA252327C951C200DE6420 /* EmptyTextButton.swift in Sources */ = {isa = PBXBuildFile; fileRef = 61BA252227C951C200DE6420 /* EmptyTextButton.swift */; };
		EA69D4184FBB8B18D7F6C261 /* Pods_RandomUser.framework in Frameworks */ = {isa = PBXBuildFile; fileRef = 40199406C4A05158514F1B80 /* Pods_RandomUser.framework */; };
/* End PBXBuildFile section */

/* Begin PBXContainerItemProxy section */
		6148D5E927CE13A500B47E12 /* PBXContainerItemProxy */ = {
			isa = PBXContainerItemProxy;
			containerPortal = 61BA248B27C528D600DE6420 /* Project object */;
			proxyType = 1;
			remoteGlobalIDString = 61BA249227C528D600DE6420;
			remoteInfo = RandomUser;
		};
/* End PBXContainerItemProxy section */

/* Begin PBXFileReference section */
		40199406C4A05158514F1B80 /* Pods_RandomUser.framework */ = {isa = PBXFileReference; explicitFileType = wrapper.framework; includeInIndex = 0; path = Pods_RandomUser.framework; sourceTree = BUILT_PRODUCTS_DIR; };
		6139177227CA9A0F00B1798D /* UImageView + Extension.swift */ = {isa = PBXFileReference; lastKnownFileType = sourcecode.swift; path = "UImageView + Extension.swift"; sourceTree = "<group>"; };
		6139177427CBEC3000B1798D /* SearchByNameRoutingEntry.swift */ = {isa = PBXFileReference; lastKnownFileType = sourcecode.swift; path = SearchByNameRoutingEntry.swift; sourceTree = "<group>"; };
		6139177627CBEC5100B1798D /* UserPageRouting.swift */ = {isa = PBXFileReference; lastKnownFileType = sourcecode.swift; path = UserPageRouting.swift; sourceTree = "<group>"; };
		6139177927CBEF0800B1798D /* HeaderVM.swift */ = {isa = PBXFileReference; lastKnownFileType = sourcecode.swift; path = HeaderVM.swift; sourceTree = "<group>"; };
		6139177B27CBF16200B1798D /* UserPageViewModel.swift */ = {isa = PBXFileReference; lastKnownFileType = sourcecode.swift; path = UserPageViewModel.swift; sourceTree = "<group>"; };
		6139177D27CBF2C300B1798D /* UserSection.swift */ = {isa = PBXFileReference; lastKnownFileType = sourcecode.swift; path = UserSection.swift; sourceTree = "<group>"; };
		6139177F27CBF2D100B1798D /* UserCellVM.swift */ = {isa = PBXFileReference; lastKnownFileType = sourcecode.swift; path = UserCellVM.swift; sourceTree = "<group>"; };
		613AC51E27F1BB3200803797 /* UserList */ = {isa = PBXFileReference; explicitFileType = text.json; path = UserList; sourceTree = "<group>"; };
		613AC52027F1C3C600803797 /* StoobData.swift */ = {isa = PBXFileReference; lastKnownFileType = sourcecode.swift; path = StoobData.swift; sourceTree = "<group>"; };
		613AC52227F1F8D500803797 /* HomeVMTests.swift */ = {isa = PBXFileReference; lastKnownFileType = sourcecode.swift; path = HomeVMTests.swift; sourceTree = "<group>"; };
		613AC52427F2077800803797 /* SearchVMtests.swift */ = {isa = PBXFileReference; lastKnownFileType = sourcecode.swift; path = SearchVMtests.swift; sourceTree = "<group>"; };
		6142517F27CD2A3F006736D4 /* UserPageCell.swift */ = {isa = PBXFileReference; lastKnownFileType = sourcecode.swift; path = UserPageCell.swift; sourceTree = "<group>"; };
		6142518027CD2A3F006736D4 /* UserPageCell.xib */ = {isa = PBXFileReference; lastKnownFileType = file.xib; path = UserPageCell.xib; sourceTree = "<group>"; };
		6142518327CD2A8A006736D4 /* SearchViewModel.swift */ = {isa = PBXFileReference; lastKnownFileType = sourcecode.swift; path = SearchViewModel.swift; sourceTree = "<group>"; };
		6142518527CD41DB006736D4 /* ResultsSections.swift */ = {isa = PBXFileReference; lastKnownFileType = sourcecode.swift; path = ResultsSections.swift; sourceTree = "<group>"; };
		6142518727CD5245006736D4 /* WorlReusable.swift */ = {isa = PBXFileReference; lastKnownFileType = sourcecode.swift; path = WorlReusable.swift; sourceTree = "<group>"; };
		6142518927CD67D1006736D4 /* WorldReusableView.swift */ = {isa = PBXFileReference; lastKnownFileType = sourcecode.swift; path = WorldReusableView.swift; sourceTree = "<group>"; };
		6142518A27CD67D1006736D4 /* WorldReusableView.xib */ = {isa = PBXFileReference; lastKnownFileType = file.xib; path = WorldReusableView.xib; sourceTree = "<group>"; };
		6148D5E527CE13A500B47E12 /* RandomUserTests.xctest */ = {isa = PBXFileReference; explicitFileType = wrapper.cfbundle; includeInIndex = 0; path = RandomUserTests.xctest; sourceTree = BUILT_PRODUCTS_DIR; };
		6148D5EE27CE35C800B47E12 /* MockAPIService.swift */ = {isa = PBXFileReference; lastKnownFileType = sourcecode.swift; path = MockAPIService.swift; sourceTree = "<group>"; };
		6148D5F027CE9F1D00B47E12 /* UiCollectionView+LoadMore.swift */ = {isa = PBXFileReference; lastKnownFileType = sourcecode.swift; path = "UiCollectionView+LoadMore.swift"; sourceTree = "<group>"; };
		615FEE4827CCC5770047A77C /* BaseCollectionViewController.swift */ = {isa = PBXFileReference; lastKnownFileType = sourcecode.swift; path = BaseCollectionViewController.swift; sourceTree = "<group>"; };
		615FEE4927CCC5770047A77C /* BaseCollectionViewController.xib */ = {isa = PBXFileReference; lastKnownFileType = file.xib; path = BaseCollectionViewController.xib; sourceTree = "<group>"; };
		615FEE4D27CCC5BA0047A77C /* CompositionalLayoutProtocol.swift */ = {isa = PBXFileReference; lastKnownFileType = sourcecode.swift; path = CompositionalLayoutProtocol.swift; sourceTree = "<group>"; };
		615FEE4F27CCC5EA0047A77C /* HomeLayout.swift */ = {isa = PBXFileReference; lastKnownFileType = sourcecode.swift; path = HomeLayout.swift; sourceTree = "<group>"; };
		615FEE5127CCD3600047A77C /* HomeViewCell.swift */ = {isa = PBXFileReference; lastKnownFileType = sourcecode.swift; path = HomeViewCell.swift; sourceTree = "<group>"; };
		615FEE5227CCD3600047A77C /* HomeViewCell.xib */ = {isa = PBXFileReference; lastKnownFileType = file.xib; path = HomeViewCell.xib; sourceTree = "<group>"; };
		615FEE5627CCD6360047A77C /* SearchView.swift */ = {isa = PBXFileReference; lastKnownFileType = sourcecode.swift; path = SearchView.swift; sourceTree = "<group>"; };
		615FEE5727CCD6360047A77C /* SearchView.xib */ = {isa = PBXFileReference; lastKnownFileType = file.xib; path = SearchView.xib; sourceTree = "<group>"; };
		61BA249327C528D600DE6420 /* RandomUser.app */ = {isa = PBXFileReference; explicitFileType = wrapper.application; includeInIndex = 0; path = RandomUser.app; sourceTree = BUILT_PRODUCTS_DIR; };
		61BA249627C528D600DE6420 /* AppDelegate.swift */ = {isa = PBXFileReference; lastKnownFileType = sourcecode.swift; path = AppDelegate.swift; sourceTree = "<group>"; };
		61BA249827C528D600DE6420 /* SceneDelegate.swift */ = {isa = PBXFileReference; lastKnownFileType = sourcecode.swift; path = SceneDelegate.swift; sourceTree = "<group>"; };
		61BA249A27C528D600DE6420 /* TabBarViewController.swift */ = {isa = PBXFileReference; lastKnownFileType = sourcecode.swift; path = TabBarViewController.swift; sourceTree = "<group>"; };
		61BA249F27C528D800DE6420 /* Assets.xcassets */ = {isa = PBXFileReference; lastKnownFileType = folder.assetcatalog; path = Assets.xcassets; sourceTree = "<group>"; };
		61BA24A227C528D800DE6420 /* Base */ = {isa = PBXFileReference; lastKnownFileType = file.storyboard; name = Base; path = Base.lproj/LaunchScreen.storyboard; sourceTree = "<group>"; };
		61BA24A427C528D800DE6420 /* Info.plist */ = {isa = PBXFileReference; lastKnownFileType = text.plist.xml; path = Info.plist; sourceTree = "<group>"; };
		61BA24B027C5319E00DE6420 /* ProtocolViewModel.swift */ = {isa = PBXFileReference; lastKnownFileType = sourcecode.swift; path = ProtocolViewModel.swift; sourceTree = "<group>"; };
		61BA24B227C531CF00DE6420 /* Section.swift */ = {isa = PBXFileReference; lastKnownFileType = sourcecode.swift; path = Section.swift; sourceTree = "<group>"; };
		61BA24B427C531D900DE6420 /* CellViewModel.swift */ = {isa = PBXFileReference; lastKnownFileType = sourcecode.swift; path = CellViewModel.swift; sourceTree = "<group>"; };
		61BA24B627C531EE00DE6420 /* CellConfigurable.swift */ = {isa = PBXFileReference; lastKnownFileType = sourcecode.swift; path = CellConfigurable.swift; sourceTree = "<group>"; };
		61BA24C127C547C300DE6420 /* HomeViewModel.swift */ = {isa = PBXFileReference; lastKnownFileType = sourcecode.swift; path = HomeViewModel.swift; sourceTree = "<group>"; };
		61BA24C527C564FA00DE6420 /* HomeSection.swift */ = {isa = PBXFileReference; lastKnownFileType = sourcecode.swift; path = HomeSection.swift; sourceTree = "<group>"; };
		61BA24C727C5650900DE6420 /* HomeCellVM.swift */ = {isa = PBXFileReference; lastKnownFileType = sourcecode.swift; path = HomeCellVM.swift; sourceTree = "<group>"; };
		61BA24C927C6438E00DE6420 /* APIRequest.swift */ = {isa = PBXFileReference; lastKnownFileType = sourcecode.swift; path = APIRequest.swift; sourceTree = "<group>"; };
		61BA24CB27C658DB00DE6420 /* UserModel.swift */ = {isa = PBXFileReference; lastKnownFileType = sourcecode.swift; path = UserModel.swift; sourceTree = "<group>"; };
		61BA24CD27C69C4300DE6420 /* ErrorRandomUser.swift */ = {isa = PBXFileReference; lastKnownFileType = sourcecode.swift; path = ErrorRandomUser.swift; sourceTree = "<group>"; };
		61BA24CF27C69D1200DE6420 /* RandomUserService.swift */ = {isa = PBXFileReference; lastKnownFileType = sourcecode.swift; path = RandomUserService.swift; sourceTree = "<group>"; };
		61BA24D327C6A8C700DE6420 /* UIViewController+Controller.swift */ = {isa = PBXFileReference; fileEncoding = 4; lastKnownFileType = sourcecode.swift; path = "UIViewController+Controller.swift"; sourceTree = "<group>"; };
		61BA24D427C6A8C700DE6420 /* UINavigationController+NavController.swift */ = {isa = PBXFileReference; fileEncoding = 4; lastKnownFileType = sourcecode.swift; path = "UINavigationController+NavController.swift"; sourceTree = "<group>"; };
		61BA24D527C6A8C700DE6420 /* Navigation.swift */ = {isa = PBXFileReference; fileEncoding = 4; lastKnownFileType = sourcecode.swift; path = Navigation.swift; sourceTree = "<group>"; };
		61BA24D627C6A8C700DE6420 /* AlertRoutingEntry.swift */ = {isa = PBXFileReference; fileEncoding = 4; lastKnownFileType = sourcecode.swift; path = AlertRoutingEntry.swift; sourceTree = "<group>"; };
		61BA24D727C6A8C700DE6420 /* Router.swift */ = {isa = PBXFileReference; fileEncoding = 4; lastKnownFileType = sourcecode.swift; path = Router.swift; sourceTree = "<group>"; };
		61BA24D827C6A8C700DE6420 /* Routing.swift */ = {isa = PBXFileReference; fileEncoding = 4; lastKnownFileType = sourcecode.swift; path = Routing.swift; sourceTree = "<group>"; };
		61BA24D927C6A8C700DE6420 /* RouterEntry.swift */ = {isa = PBXFileReference; fileEncoding = 4; lastKnownFileType = sourcecode.swift; path = RouterEntry.swift; sourceTree = "<group>"; };
		61BA24DA27C6A8C700DE6420 /* Navigator.swift */ = {isa = PBXFileReference; fileEncoding = 4; lastKnownFileType = sourcecode.swift; path = Navigator.swift; sourceTree = "<group>"; };
		61BA24F627C6BB1A00DE6420 /* EmptyProtocol.swift */ = {isa = PBXFileReference; lastKnownFileType = sourcecode.swift; path = EmptyProtocol.swift; sourceTree = "<group>"; };
		61BA24F827C6BE5200DE6420 /* UIScrollView+Empty.swift */ = {isa = PBXFileReference; lastKnownFileType = sourcecode.swift; path = "UIScrollView+Empty.swift"; sourceTree = "<group>"; };
		61BA24FA27C6CCF700DE6420 /* EmptyLoader.swift */ = {isa = PBXFileReference; lastKnownFileType = sourcecode.swift; path = EmptyLoader.swift; sourceTree = "<group>"; };
		61BA251E27C91DFA00DE6420 /* EmptyError.swift */ = {isa = PBXFileReference; lastKnownFileType = sourcecode.swift; path = EmptyError.swift; sourceTree = "<group>"; };
		61BA252227C951C200DE6420 /* EmptyTextButton.swift */ = {isa = PBXFileReference; lastKnownFileType = sourcecode.swift; path = EmptyTextButton.swift; sourceTree = "<group>"; };
		C945D83F5A987AA8D63D435F /* Pods-RandomUser.debug.xcconfig */ = {isa = PBXFileReference; includeInIndex = 1; lastKnownFileType = text.xcconfig; name = "Pods-RandomUser.debug.xcconfig"; path = "Target Support Files/Pods-RandomUser/Pods-RandomUser.debug.xcconfig"; sourceTree = "<group>"; };
		CE6385161039435E206DF12B /* Pods-RandomUser.release.xcconfig */ = {isa = PBXFileReference; includeInIndex = 1; lastKnownFileType = text.xcconfig; name = "Pods-RandomUser.release.xcconfig"; path = "Target Support Files/Pods-RandomUser/Pods-RandomUser.release.xcconfig"; sourceTree = "<group>"; };
/* End PBXFileReference section */

/* Begin PBXFrameworksBuildPhase section */
		6148D5E227CE13A500B47E12 /* Frameworks */ = {
			isa = PBXFrameworksBuildPhase;
			buildActionMask = 2147483647;
			files = (
			);
			runOnlyForDeploymentPostprocessing = 0;
		};
		61BA249027C528D600DE6420 /* Frameworks */ = {
			isa = PBXFrameworksBuildPhase;
			buildActionMask = 2147483647;
			files = (
				EA69D4184FBB8B18D7F6C261 /* Pods_RandomUser.framework in Frameworks */,
			);
			runOnlyForDeploymentPostprocessing = 0;
		};
/* End PBXFrameworksBuildPhase section */

/* Begin PBXGroup section */
		6139177827CBEE1C00B1798D /* Routings */ = {
			isa = PBXGroup;
			children = (
				6139177427CBEC3000B1798D /* SearchByNameRoutingEntry.swift */,
				6139177627CBEC5100B1798D /* UserPageRouting.swift */,
			);
			path = Routings;
			sourceTree = "<group>";
		};
		6148D5E627CE13A500B47E12 /* RandomUserTests */ = {
			isa = PBXGroup;
			children = (
				6148D5EE27CE35C800B47E12 /* MockAPIService.swift */,
				613AC51E27F1BB3200803797 /* UserList */,
				613AC52027F1C3C600803797 /* StoobData.swift */,
				613AC52227F1F8D500803797 /* HomeVMTests.swift */,
				613AC52427F2077800803797 /* SearchVMtests.swift */,
			);
			path = RandomUserTests;
			sourceTree = "<group>";
		};
		615FEE4C27CCC59D0047A77C /* Compositional */ = {
			isa = PBXGroup;
			children = (
				615FEE4D27CCC5BA0047A77C /* CompositionalLayoutProtocol.swift */,
				615FEE4F27CCC5EA0047A77C /* HomeLayout.swift */,
			);
			path = Compositional;
			sourceTree = "<group>";
		};
		615FEE5527CCD5FD0047A77C /* CollectionsCell */ = {
			isa = PBXGroup;
			children = (
				615FEE5627CCD6360047A77C /* SearchView.swift */,
				615FEE5727CCD6360047A77C /* SearchView.xib */,
				615FEE5127CCD3600047A77C /* HomeViewCell.swift */,
				615FEE5227CCD3600047A77C /* HomeViewCell.xib */,
				6142517F27CD2A3F006736D4 /* UserPageCell.swift */,
				6142518027CD2A3F006736D4 /* UserPageCell.xib */,
				6142518927CD67D1006736D4 /* WorldReusableView.swift */,
				6142518A27CD67D1006736D4 /* WorldReusableView.xib */,
			);
			path = CollectionsCell;
			sourceTree = "<group>";
		};
		61BA248A27C528D600DE6420 = {
			isa = PBXGroup;
			children = (
				61BA249527C528D600DE6420 /* RandomUser */,
				6148D5E627CE13A500B47E12 /* RandomUserTests */,
				61BA249427C528D600DE6420 /* Products */,
				B011A283D22D4580A011808C /* Pods */,
				DC04A3C16DEE7C950DFCF1B8 /* Frameworks */,
			);
			sourceTree = "<group>";
		};
		61BA249427C528D600DE6420 /* Products */ = {
			isa = PBXGroup;
			children = (
				61BA249327C528D600DE6420 /* RandomUser.app */,
				6148D5E527CE13A500B47E12 /* RandomUserTests.xctest */,
			);
			name = Products;
			sourceTree = "<group>";
		};
		61BA249527C528D600DE6420 /* RandomUser */ = {
			isa = PBXGroup;
			children = (
				61BA24D127C6A88200DE6420 /* Navigation */,
				61BA24AE27C530D900DE6420 /* Resources */,
				61BA24AD27C530AD00DE6420 /* Model */,
				61BA24AC27C5300800DE6420 /* Views */,
				61BA24AB27C52FE800DE6420 /* ViewModels */,
				61BA24AA27C52FCB00DE6420 /* APIManager */,
				61BA24A427C528D800DE6420 /* Info.plist */,
			);
			path = RandomUser;
			sourceTree = "<group>";
		};
		61BA24AA27C52FCB00DE6420 /* APIManager */ = {
			isa = PBXGroup;
			children = (
				61BA24C927C6438E00DE6420 /* APIRequest.swift */,
				61BA24CF27C69D1200DE6420 /* RandomUserService.swift */,
			);
			path = APIManager;
			sourceTree = "<group>";
		};
		61BA24AB27C52FE800DE6420 /* ViewModels */ = {
			isa = PBXGroup;
			children = (
				61BA24C427C5486B00DE6420 /* CellVM */,
				61BA24C327C5486300DE6420 /* Sections */,
				61BA24C027C547B500DE6420 /* VM */,
				61BA24AF27C5318100DE6420 /* Protocol */,
			);
			path = ViewModels;
			sourceTree = "<group>";
		};
		61BA24AC27C5300800DE6420 /* Views */ = {
			isa = PBXGroup;
			children = (
				61BA24B927C53CCC00DE6420 /* Cells */,
				61BA24B827C53CC300DE6420 /* Controllers */,
			);
			path = Views;
			sourceTree = "<group>";
		};
		61BA24AD27C530AD00DE6420 /* Model */ = {
			isa = PBXGroup;
			children = (
				61BA24CB27C658DB00DE6420 /* UserModel.swift */,
				61BA24CD27C69C4300DE6420 /* ErrorRandomUser.swift */,
			);
			path = Model;
			sourceTree = "<group>";
		};
		61BA24AE27C530D900DE6420 /* Resources */ = {
			isa = PBXGroup;
			children = (
				61BA24F527C6BAE700DE6420 /* EmptyView */,
				61BA249F27C528D800DE6420 /* Assets.xcassets */,
				61BA249627C528D600DE6420 /* AppDelegate.swift */,
				61BA24A127C528D800DE6420 /* LaunchScreen.storyboard */,
				61BA249827C528D600DE6420 /* SceneDelegate.swift */,
				6139177227CA9A0F00B1798D /* UImageView + Extension.swift */,
				6148D5F027CE9F1D00B47E12 /* UiCollectionView+LoadMore.swift */,
			);
			path = Resources;
			sourceTree = "<group>";
		};
		61BA24AF27C5318100DE6420 /* Protocol */ = {
			isa = PBXGroup;
			children = (
				61BA24B027C5319E00DE6420 /* ProtocolViewModel.swift */,
				61BA24B227C531CF00DE6420 /* Section.swift */,
				61BA24B427C531D900DE6420 /* CellViewModel.swift */,
				61BA24B627C531EE00DE6420 /* CellConfigurable.swift */,
			);
			path = Protocol;
			sourceTree = "<group>";
		};
		61BA24B827C53CC300DE6420 /* Controllers */ = {
			isa = PBXGroup;
			children = (
				615FEE4C27CCC59D0047A77C /* Compositional */,
				61BA249A27C528D600DE6420 /* TabBarViewController.swift */,
				615FEE4827CCC5770047A77C /* BaseCollectionViewController.swift */,
				615FEE4927CCC5770047A77C /* BaseCollectionViewController.xib */,
			);
			path = Controllers;
			sourceTree = "<group>";
		};
		61BA24B927C53CCC00DE6420 /* Cells */ = {
			isa = PBXGroup;
			children = (
				615FEE5527CCD5FD0047A77C /* CollectionsCell */,
			);
			path = Cells;
			sourceTree = "<group>";
		};
		61BA24C027C547B500DE6420 /* VM */ = {
			isa = PBXGroup;
			children = (
				61BA24C127C547C300DE6420 /* HomeViewModel.swift */,
				6139177B27CBF16200B1798D /* UserPageViewModel.swift */,
				6139177927CBEF0800B1798D /* HeaderVM.swift */,
				6142518327CD2A8A006736D4 /* SearchViewModel.swift */,
				6142518727CD5245006736D4 /* WorlReusable.swift */,
			);
			path = VM;
			sourceTree = "<group>";
		};
		61BA24C327C5486300DE6420 /* Sections */ = {
			isa = PBXGroup;
			children = (
				61BA24C527C564FA00DE6420 /* HomeSection.swift */,
				6139177D27CBF2C300B1798D /* UserSection.swift */,
				6142518527CD41DB006736D4 /* ResultsSections.swift */,
			);
			path = Sections;
			sourceTree = "<group>";
		};
		61BA24C427C5486B00DE6420 /* CellVM */ = {
			isa = PBXGroup;
			children = (
				61BA24C727C5650900DE6420 /* HomeCellVM.swift */,
				6139177F27CBF2D100B1798D /* UserCellVM.swift */,
			);
			path = CellVM;
			sourceTree = "<group>";
		};
		61BA24D127C6A88200DE6420 /* Navigation */ = {
			isa = PBXGroup;
			children = (
				61BA24D227C6A8C700DE6420 /* Router */,
			);
			path = Navigation;
			sourceTree = "<group>";
		};
		61BA24D227C6A8C700DE6420 /* Router */ = {
			isa = PBXGroup;
			children = (
				61BA24D327C6A8C700DE6420 /* UIViewController+Controller.swift */,
				61BA24D427C6A8C700DE6420 /* UINavigationController+NavController.swift */,
				61BA24D527C6A8C700DE6420 /* Navigation.swift */,
				61BA24D627C6A8C700DE6420 /* AlertRoutingEntry.swift */,
				61BA24D727C6A8C700DE6420 /* Router.swift */,
				61BA24D827C6A8C700DE6420 /* Routing.swift */,
				61BA24D927C6A8C700DE6420 /* RouterEntry.swift */,
				61BA24DA27C6A8C700DE6420 /* Navigator.swift */,
				6139177827CBEE1C00B1798D /* Routings */,
			);
			path = Router;
			sourceTree = "<group>";
		};
		61BA24F527C6BAE700DE6420 /* EmptyView */ = {
			isa = PBXGroup;
			children = (
				61BA24F627C6BB1A00DE6420 /* EmptyProtocol.swift */,
				61BA24F827C6BE5200DE6420 /* UIScrollView+Empty.swift */,
				61BA24FA27C6CCF700DE6420 /* EmptyLoader.swift */,
				61BA251E27C91DFA00DE6420 /* EmptyError.swift */,
				61BA252227C951C200DE6420 /* EmptyTextButton.swift */,
			);
			path = EmptyView;
			sourceTree = "<group>";
		};
		B011A283D22D4580A011808C /* Pods */ = {
			isa = PBXGroup;
			children = (
				C945D83F5A987AA8D63D435F /* Pods-RandomUser.debug.xcconfig */,
				CE6385161039435E206DF12B /* Pods-RandomUser.release.xcconfig */,
			);
			path = Pods;
			sourceTree = "<group>";
		};
		DC04A3C16DEE7C950DFCF1B8 /* Frameworks */ = {
			isa = PBXGroup;
			children = (
				40199406C4A05158514F1B80 /* Pods_RandomUser.framework */,
			);
			name = Frameworks;
			sourceTree = "<group>";
		};
/* End PBXGroup section */

/* Begin PBXNativeTarget section */
		6148D5E427CE13A500B47E12 /* RandomUserTests */ = {
			isa = PBXNativeTarget;
			buildConfigurationList = 6148D5ED27CE13A500B47E12 /* Build configuration list for PBXNativeTarget "RandomUserTests" */;
			buildPhases = (
				6148D5E127CE13A500B47E12 /* Sources */,
				6148D5E227CE13A500B47E12 /* Frameworks */,
				6148D5E327CE13A500B47E12 /* Resources */,
			);
			buildRules = (
			);
			dependencies = (
				6148D5EA27CE13A500B47E12 /* PBXTargetDependency */,
			);
			name = RandomUserTests;
			productName = RandomUserTests;
			productReference = 6148D5E527CE13A500B47E12 /* RandomUserTests.xctest */;
			productType = "com.apple.product-type.bundle.unit-test";
		};
		61BA249227C528D600DE6420 /* RandomUser */ = {
			isa = PBXNativeTarget;
			buildConfigurationList = 61BA24A727C528D800DE6420 /* Build configuration list for PBXNativeTarget "RandomUser" */;
			buildPhases = (
				2192C69698A7785CDC034B44 /* [CP] Check Pods Manifest.lock */,
				61BA248F27C528D600DE6420 /* Sources */,
				61BA249027C528D600DE6420 /* Frameworks */,
				61BA249127C528D600DE6420 /* Resources */,
				664B0C59FA6C71F190F7296F /* [CP] Embed Pods Frameworks */,
			);
			buildRules = (
			);
			dependencies = (
			);
			name = RandomUser;
			productName = RandomUser;
			productReference = 61BA249327C528D600DE6420 /* RandomUser.app */;
			productType = "com.apple.product-type.application";
		};
/* End PBXNativeTarget section */

/* Begin PBXProject section */
		61BA248B27C528D600DE6420 /* Project object */ = {
			isa = PBXProject;
			attributes = {
				BuildIndependentTargetsInParallel = 1;
				LastSwiftUpdateCheck = 1320;
				LastUpgradeCheck = 1320;
				TargetAttributes = {
					6148D5E427CE13A500B47E12 = {
						CreatedOnToolsVersion = 13.2;
						TestTargetID = 61BA249227C528D600DE6420;
					};
					61BA249227C528D600DE6420 = {
						CreatedOnToolsVersion = 13.2;
					};
				};
			};
			buildConfigurationList = 61BA248E27C528D600DE6420 /* Build configuration list for PBXProject "RandomUser" */;
			compatibilityVersion = "Xcode 13.0";
			developmentRegion = en;
			hasScannedForEncodings = 0;
			knownRegions = (
				en,
				Base,
			);
			mainGroup = 61BA248A27C528D600DE6420;
			productRefGroup = 61BA249427C528D600DE6420 /* Products */;
			projectDirPath = "";
			projectRoot = "";
			targets = (
				61BA249227C528D600DE6420 /* RandomUser */,
				6148D5E427CE13A500B47E12 /* RandomUserTests */,
			);
		};
/* End PBXProject section */

/* Begin PBXResourcesBuildPhase section */
		6148D5E327CE13A500B47E12 /* Resources */ = {
			isa = PBXResourcesBuildPhase;
			buildActionMask = 2147483647;
			files = (
				613AC51F27F1BB3200803797 /* UserList in Resources */,
			);
			runOnlyForDeploymentPostprocessing = 0;
		};
		61BA249127C528D600DE6420 /* Resources */ = {
			isa = PBXResourcesBuildPhase;
			buildActionMask = 2147483647;
			files = (
				61BA24A327C528D800DE6420 /* LaunchScreen.storyboard in Resources */,
				6142518C27CD67D1006736D4 /* WorldReusableView.xib in Resources */,
				615FEE5427CCD3600047A77C /* HomeViewCell.xib in Resources */,
				615FEE5927CCD6360047A77C /* SearchView.xib in Resources */,
				6142518227CD2A3F006736D4 /* UserPageCell.xib in Resources */,
				615FEE4B27CCC5770047A77C /* BaseCollectionViewController.xib in Resources */,
				61BA24A027C528D800DE6420 /* Assets.xcassets in Resources */,
			);
			runOnlyForDeploymentPostprocessing = 0;
		};
/* End PBXResourcesBuildPhase section */

/* Begin PBXShellScriptBuildPhase section */
		2192C69698A7785CDC034B44 /* [CP] Check Pods Manifest.lock */ = {
			isa = PBXShellScriptBuildPhase;
			buildActionMask = 2147483647;
			files = (
			);
			inputFileListPaths = (
			);
			inputPaths = (
				"${PODS_PODFILE_DIR_PATH}/Podfile.lock",
				"${PODS_ROOT}/Manifest.lock",
			);
			name = "[CP] Check Pods Manifest.lock";
			outputFileListPaths = (
			);
			outputPaths = (
				"$(DERIVED_FILE_DIR)/Pods-RandomUser-checkManifestLockResult.txt",
			);
			runOnlyForDeploymentPostprocessing = 0;
			shellPath = /bin/sh;
			shellScript = "diff \"${PODS_PODFILE_DIR_PATH}/Podfile.lock\" \"${PODS_ROOT}/Manifest.lock\" > /dev/null\nif [ $? != 0 ] ; then\n    # print error to STDERR\n    echo \"error: The sandbox is not in sync with the Podfile.lock. Run 'pod install' or update your CocoaPods installation.\" >&2\n    exit 1\nfi\n# This output is used by Xcode 'outputs' to avoid re-running this script phase.\necho \"SUCCESS\" > \"${SCRIPT_OUTPUT_FILE_0}\"\n";
			showEnvVarsInLog = 0;
		};
		664B0C59FA6C71F190F7296F /* [CP] Embed Pods Frameworks */ = {
			isa = PBXShellScriptBuildPhase;
			buildActionMask = 2147483647;
			files = (
			);
			inputFileListPaths = (
				"${PODS_ROOT}/Target Support Files/Pods-RandomUser/Pods-RandomUser-frameworks-${CONFIGURATION}-input-files.xcfilelist",
			);
			name = "[CP] Embed Pods Frameworks";
			outputFileListPaths = (
				"${PODS_ROOT}/Target Support Files/Pods-RandomUser/Pods-RandomUser-frameworks-${CONFIGURATION}-output-files.xcfilelist",
			);
			runOnlyForDeploymentPostprocessing = 0;
			shellPath = /bin/sh;
			shellScript = "\"${PODS_ROOT}/Target Support Files/Pods-RandomUser/Pods-RandomUser-frameworks.sh\"\n";
			showEnvVarsInLog = 0;
		};
/* End PBXShellScriptBuildPhase section */

/* Begin PBXSourcesBuildPhase section */
		6148D5E127CE13A500B47E12 /* Sources */ = {
			isa = PBXSourcesBuildPhase;
			buildActionMask = 2147483647;
			files = (
				6148D5EF27CE35C800B47E12 /* MockAPIService.swift in Sources */,
				613AC52127F1C3C600803797 /* StoobData.swift in Sources */,
				613AC52527F2077800803797 /* SearchVMtests.swift in Sources */,
				613AC52327F1F8D500803797 /* HomeVMTests.swift in Sources */,
			);
			runOnlyForDeploymentPostprocessing = 0;
		};
		61BA248F27C528D600DE6420 /* Sources */ = {
			isa = PBXSourcesBuildPhase;
			buildActionMask = 2147483647;
			files = (
				61BA252327C951C200DE6420 /* EmptyTextButton.swift in Sources */,
				61BA24FB27C6CCF700DE6420 /* EmptyLoader.swift in Sources */,
				61BA24B327C531CF00DE6420 /* Section.swift in Sources */,
				61BA24C627C564FA00DE6420 /* HomeSection.swift in Sources */,
				6139177A27CBEF0800B1798D /* HeaderVM.swift in Sources */,
				6139177C27CBF16200B1798D /* UserPageViewModel.swift in Sources */,
				61BA24B127C5319E00DE6420 /* ProtocolViewModel.swift in Sources */,
				6139177E27CBF2C300B1798D /* UserSection.swift in Sources */,
				61BA24C827C5650900DE6420 /* HomeCellVM.swift in Sources */,
				61BA24DE27C6A8C700DE6420 /* AlertRoutingEntry.swift in Sources */,
				6139177327CA9A0F00B1798D /* UImageView + Extension.swift in Sources */,
				61BA24E227C6A8C700DE6420 /* Navigator.swift in Sources */,
				6142518827CD5245006736D4 /* WorlReusable.swift in Sources */,
				61BA24B727C531EE00DE6420 /* CellConfigurable.swift in Sources */,
				61BA24CA27C6438E00DE6420 /* APIRequest.swift in Sources */,
				6139177527CBEC3000B1798D /* SearchByNameRoutingEntry.swift in Sources */,
				61BA24DB27C6A8C700DE6420 /* UIViewController+Controller.swift in Sources */,
				61BA24D027C69D1200DE6420 /* RandomUserService.swift in Sources */,
				6142518B27CD67D1006736D4 /* WorldReusableView.swift in Sources */,
				61BA24C227C547C300DE6420 /* HomeViewModel.swift in Sources */,
				61BA24DF27C6A8C700DE6420 /* Router.swift in Sources */,
				61BA24DD27C6A8C700DE6420 /* Navigation.swift in Sources */,
				6139177727CBEC5100B1798D /* UserPageRouting.swift in Sources */,
				6142518427CD2A8A006736D4 /* SearchViewModel.swift in Sources */,
				61BA251F27C91DFA00DE6420 /* EmptyError.swift in Sources */,
				615FEE4E27CCC5BA0047A77C /* CompositionalLayoutProtocol.swift in Sources */,
				615FEE4A27CCC5770047A77C /* BaseCollectionViewController.swift in Sources */,
				6139178027CBF2D100B1798D /* UserCellVM.swift in Sources */,
				6142518627CD41DB006736D4 /* ResultsSections.swift in Sources */,
				61BA24F727C6BB1A00DE6420 /* EmptyProtocol.swift in Sources */,
				61BA24CE27C69C4300DE6420 /* ErrorRandomUser.swift in Sources */,
				615FEE5027CCC5EA0047A77C /* HomeLayout.swift in Sources */,
				6148D5F127CE9F1D00B47E12 /* UiCollectionView+LoadMore.swift in Sources */,
				61BA24F927C6BE5200DE6420 /* UIScrollView+Empty.swift in Sources */,
				61BA24CC27C658DB00DE6420 /* UserModel.swift in Sources */,
				615FEE5827CCD6360047A77C /* SearchView.swift in Sources */,
				61BA249B27C528D600DE6420 /* TabBarViewController.swift in Sources */,
				61BA24E027C6A8C700DE6420 /* Routing.swift in Sources */,
				6142518127CD2A3F006736D4 /* UserPageCell.swift in Sources */,
				61BA24DC27C6A8C700DE6420 /* UINavigationController+NavController.swift in Sources */,
				61BA249727C528D600DE6420 /* AppDelegate.swift in Sources */,
				615FEE5327CCD3600047A77C /* HomeViewCell.swift in Sources */,
				61BA24B527C531D900DE6420 /* CellViewModel.swift in Sources */,
				61BA249927C528D600DE6420 /* SceneDelegate.swift in Sources */,
				61BA24E127C6A8C700DE6420 /* RouterEntry.swift in Sources */,
			);
			runOnlyForDeploymentPostprocessing = 0;
		};
/* End PBXSourcesBuildPhase section */

/* Begin PBXTargetDependency section */
		6148D5EA27CE13A500B47E12 /* PBXTargetDependency */ = {
			isa = PBXTargetDependency;
			target = 61BA249227C528D600DE6420 /* RandomUser */;
			targetProxy = 6148D5E927CE13A500B47E12 /* PBXContainerItemProxy */;
		};
/* End PBXTargetDependency section */

/* Begin PBXVariantGroup section */
		61BA24A127C528D800DE6420 /* LaunchScreen.storyboard */ = {
			isa = PBXVariantGroup;
			children = (
				61BA24A227C528D800DE6420 /* Base */,
			);
			name = LaunchScreen.storyboard;
			sourceTree = "<group>";
		};
/* End PBXVariantGroup section */

/* Begin XCBuildConfiguration section */
		6148D5EB27CE13A500B47E12 /* Debug */ = {
			isa = XCBuildConfiguration;
			buildSettings = {
				BUNDLE_LOADER = "$(TEST_HOST)";
				CODE_SIGN_STYLE = Automatic;
				CURRENT_PROJECT_VERSION = 1;
				DEVELOPMENT_TEAM = 3PYTVA23ZB;
				GENERATE_INFOPLIST_FILE = YES;
				MARKETING_VERSION = 1.0;
				PRODUCT_BUNDLE_IDENTIFIER = ghb.RandomUserTests;
				PRODUCT_NAME = "$(TARGET_NAME)";
				SWIFT_EMIT_LOC_STRINGS = NO;
				SWIFT_VERSION = 5.0;
				TARGETED_DEVICE_FAMILY = "1,2";
				TEST_HOST = "$(BUILT_PRODUCTS_DIR)/RandomUser.app/RandomUser";
			};
			name = Debug;
		};
		6148D5EC27CE13A500B47E12 /* Release */ = {
			isa = XCBuildConfiguration;
			buildSettings = {
				BUNDLE_LOADER = "$(TEST_HOST)";
				CODE_SIGN_STYLE = Automatic;
				CURRENT_PROJECT_VERSION = 1;
				DEVELOPMENT_TEAM = 3PYTVA23ZB;
				GENERATE_INFOPLIST_FILE = YES;
				MARKETING_VERSION = 1.0;
				PRODUCT_BUNDLE_IDENTIFIER = ghb.RandomUserTests;
				PRODUCT_NAME = "$(TARGET_NAME)";
				SWIFT_EMIT_LOC_STRINGS = NO;
				SWIFT_VERSION = 5.0;
				TARGETED_DEVICE_FAMILY = "1,2";
				TEST_HOST = "$(BUILT_PRODUCTS_DIR)/RandomUser.app/RandomUser";
			};
			name = Release;
		};
		61BA24A527C528D800DE6420 /* Debug */ = {
			isa = XCBuildConfiguration;
			buildSettings = {
				ALWAYS_SEARCH_USER_PATHS = NO;
				CLANG_ANALYZER_NONNULL = YES;
				CLANG_ANALYZER_NUMBER_OBJECT_CONVERSION = YES_AGGRESSIVE;
				CLANG_CXX_LANGUAGE_STANDARD = "gnu++17";
				CLANG_CXX_LIBRARY = "libc++";
				CLANG_ENABLE_MODULES = YES;
				CLANG_ENABLE_OBJC_ARC = YES;
				CLANG_ENABLE_OBJC_WEAK = YES;
				CLANG_WARN_BLOCK_CAPTURE_AUTORELEASING = YES;
				CLANG_WARN_BOOL_CONVERSION = YES;
				CLANG_WARN_COMMA = YES;
				CLANG_WARN_CONSTANT_CONVERSION = YES;
				CLANG_WARN_DEPRECATED_OBJC_IMPLEMENTATIONS = YES;
				CLANG_WARN_DIRECT_OBJC_ISA_USAGE = YES_ERROR;
				CLANG_WARN_DOCUMENTATION_COMMENTS = YES;
				CLANG_WARN_EMPTY_BODY = YES;
				CLANG_WARN_ENUM_CONVERSION = YES;
				CLANG_WARN_INFINITE_RECURSION = YES;
				CLANG_WARN_INT_CONVERSION = YES;
				CLANG_WARN_NON_LITERAL_NULL_CONVERSION = YES;
				CLANG_WARN_OBJC_IMPLICIT_RETAIN_SELF = YES;
				CLANG_WARN_OBJC_LITERAL_CONVERSION = YES;
				CLANG_WARN_OBJC_ROOT_CLASS = YES_ERROR;
				CLANG_WARN_QUOTED_INCLUDE_IN_FRAMEWORK_HEADER = YES;
				CLANG_WARN_RANGE_LOOP_ANALYSIS = YES;
				CLANG_WARN_STRICT_PROTOTYPES = YES;
				CLANG_WARN_SUSPICIOUS_MOVE = YES;
				CLANG_WARN_UNGUARDED_AVAILABILITY = YES_AGGRESSIVE;
				CLANG_WARN_UNREACHABLE_CODE = YES;
				CLANG_WARN__DUPLICATE_METHOD_MATCH = YES;
				COPY_PHASE_STRIP = NO;
				DEBUG_INFORMATION_FORMAT = dwarf;
				ENABLE_STRICT_OBJC_MSGSEND = YES;
				ENABLE_TESTABILITY = YES;
				GCC_C_LANGUAGE_STANDARD = gnu11;
				GCC_DYNAMIC_NO_PIC = NO;
				GCC_NO_COMMON_BLOCKS = YES;
				GCC_OPTIMIZATION_LEVEL = 0;
				GCC_PREPROCESSOR_DEFINITIONS = (
					"DEBUG=1",
					"$(inherited)",
				);
				GCC_WARN_64_TO_32_BIT_CONVERSION = YES;
				GCC_WARN_ABOUT_RETURN_TYPE = YES_ERROR;
				GCC_WARN_UNDECLARED_SELECTOR = YES;
				GCC_WARN_UNINITIALIZED_AUTOS = YES_AGGRESSIVE;
				GCC_WARN_UNUSED_FUNCTION = YES;
				GCC_WARN_UNUSED_VARIABLE = YES;
				IPHONEOS_DEPLOYMENT_TARGET = 15.2;
				MTL_ENABLE_DEBUG_INFO = INCLUDE_SOURCE;
				MTL_FAST_MATH = YES;
				ONLY_ACTIVE_ARCH = YES;
				SDKROOT = iphoneos;
				SWIFT_ACTIVE_COMPILATION_CONDITIONS = DEBUG;
				SWIFT_OPTIMIZATION_LEVEL = "-Onone";
			};
			name = Debug;
		};
		61BA24A627C528D800DE6420 /* Release */ = {
			isa = XCBuildConfiguration;
			buildSettings = {
				ALWAYS_SEARCH_USER_PATHS = NO;
				CLANG_ANALYZER_NONNULL = YES;
				CLANG_ANALYZER_NUMBER_OBJECT_CONVERSION = YES_AGGRESSIVE;
				CLANG_CXX_LANGUAGE_STANDARD = "gnu++17";
				CLANG_CXX_LIBRARY = "libc++";
				CLANG_ENABLE_MODULES = YES;
				CLANG_ENABLE_OBJC_ARC = YES;
				CLANG_ENABLE_OBJC_WEAK = YES;
				CLANG_WARN_BLOCK_CAPTURE_AUTORELEASING = YES;
				CLANG_WARN_BOOL_CONVERSION = YES;
				CLANG_WARN_COMMA = YES;
				CLANG_WARN_CONSTANT_CONVERSION = YES;
				CLANG_WARN_DEPRECATED_OBJC_IMPLEMENTATIONS = YES;
				CLANG_WARN_DIRECT_OBJC_ISA_USAGE = YES_ERROR;
				CLANG_WARN_DOCUMENTATION_COMMENTS = YES;
				CLANG_WARN_EMPTY_BODY = YES;
				CLANG_WARN_ENUM_CONVERSION = YES;
				CLANG_WARN_INFINITE_RECURSION = YES;
				CLANG_WARN_INT_CONVERSION = YES;
				CLANG_WARN_NON_LITERAL_NULL_CONVERSION = YES;
				CLANG_WARN_OBJC_IMPLICIT_RETAIN_SELF = YES;
				CLANG_WARN_OBJC_LITERAL_CONVERSION = YES;
				CLANG_WARN_OBJC_ROOT_CLASS = YES_ERROR;
				CLANG_WARN_QUOTED_INCLUDE_IN_FRAMEWORK_HEADER = YES;
				CLANG_WARN_RANGE_LOOP_ANALYSIS = YES;
				CLANG_WARN_STRICT_PROTOTYPES = YES;
				CLANG_WARN_SUSPICIOUS_MOVE = YES;
				CLANG_WARN_UNGUARDED_AVAILABILITY = YES_AGGRESSIVE;
				CLANG_WARN_UNREACHABLE_CODE = YES;
				CLANG_WARN__DUPLICATE_METHOD_MATCH = YES;
				COPY_PHASE_STRIP = NO;
				DEBUG_INFORMATION_FORMAT = "dwarf-with-dsym";
				ENABLE_NS_ASSERTIONS = NO;
				ENABLE_STRICT_OBJC_MSGSEND = YES;
				GCC_C_LANGUAGE_STANDARD = gnu11;
				GCC_NO_COMMON_BLOCKS = YES;
				GCC_WARN_64_TO_32_BIT_CONVERSION = YES;
				GCC_WARN_ABOUT_RETURN_TYPE = YES_ERROR;
				GCC_WARN_UNDECLARED_SELECTOR = YES;
				GCC_WARN_UNINITIALIZED_AUTOS = YES_AGGRESSIVE;
				GCC_WARN_UNUSED_FUNCTION = YES;
				GCC_WARN_UNUSED_VARIABLE = YES;
				IPHONEOS_DEPLOYMENT_TARGET = 15.2;
				MTL_ENABLE_DEBUG_INFO = NO;
				MTL_FAST_MATH = YES;
				SDKROOT = iphoneos;
				SWIFT_COMPILATION_MODE = wholemodule;
				SWIFT_OPTIMIZATION_LEVEL = "-O";
				VALIDATE_PRODUCT = YES;
			};
			name = Release;
		};
		61BA24A827C528D800DE6420 /* Debug */ = {
			isa = XCBuildConfiguration;
			baseConfigurationReference = C945D83F5A987AA8D63D435F /* Pods-RandomUser.debug.xcconfig */;
			buildSettings = {
				ASSETCATALOG_COMPILER_APPICON_NAME = AppIcon;
				ASSETCATALOG_COMPILER_GLOBAL_ACCENT_COLOR_NAME = AccentColor;
				CODE_SIGN_STYLE = Automatic;
				CURRENT_PROJECT_VERSION = 1;
				DEVELOPMENT_TEAM = 3PYTVA23ZB;
				GENERATE_INFOPLIST_FILE = YES;
				INFOPLIST_FILE = RandomUser/Info.plist;
				INFOPLIST_KEY_UIApplicationSupportsIndirectInputEvents = YES;
				INFOPLIST_KEY_UILaunchStoryboardName = LaunchScreen;
				INFOPLIST_KEY_UISupportedInterfaceOrientations_iPad = "UIInterfaceOrientationPortrait UIInterfaceOrientationPortraitUpsideDown UIInterfaceOrientationLandscapeLeft UIInterfaceOrientationLandscapeRight";
				INFOPLIST_KEY_UISupportedInterfaceOrientations_iPhone = "UIInterfaceOrientationPortrait UIInterfaceOrientationLandscapeLeft UIInterfaceOrientationLandscapeRight";
				LD_RUNPATH_SEARCH_PATHS = (
					"$(inherited)",
					"@executable_path/Frameworks",
				);
				MARKETING_VERSION = 1.0;
				PRODUCT_BUNDLE_IDENTIFIER = ghb.RandomUser;
				PRODUCT_NAME = "$(TARGET_NAME)";
				SWIFT_EMIT_LOC_STRINGS = YES;
				SWIFT_VERSION = 5.0;
				TARGETED_DEVICE_FAMILY = "1,2";
			};
			name = Debug;
		};
		61BA24A927C528D800DE6420 /* Release */ = {
			isa = XCBuildConfiguration;
			baseConfigurationReference = CE6385161039435E206DF12B /* Pods-RandomUser.release.xcconfig */;
			buildSettings = {
				ASSETCATALOG_COMPILER_APPICON_NAME = AppIcon;
				ASSETCATALOG_COMPILER_GLOBAL_ACCENT_COLOR_NAME = AccentColor;
				CODE_SIGN_STYLE = Automatic;
				CURRENT_PROJECT_VERSION = 1;
				DEVELOPMENT_TEAM = 3PYTVA23ZB;
				GENERATE_INFOPLIST_FILE = YES;
				INFOPLIST_FILE = RandomUser/Info.plist;
				INFOPLIST_KEY_UIApplicationSupportsIndirectInputEvents = YES;
				INFOPLIST_KEY_UILaunchStoryboardName = LaunchScreen;
				INFOPLIST_KEY_UISupportedInterfaceOrientations_iPad = "UIInterfaceOrientationPortrait UIInterfaceOrientationPortraitUpsideDown UIInterfaceOrientationLandscapeLeft UIInterfaceOrientationLandscapeRight";
				INFOPLIST_KEY_UISupportedInterfaceOrientations_iPhone = "UIInterfaceOrientationPortrait UIInterfaceOrientationLandscapeLeft UIInterfaceOrientationLandscapeRight";
				LD_RUNPATH_SEARCH_PATHS = (
					"$(inherited)",
					"@executable_path/Frameworks",
				);
				MARKETING_VERSION = 1.0;
				PRODUCT_BUNDLE_IDENTIFIER = ghb.RandomUser;
				PRODUCT_NAME = "$(TARGET_NAME)";
				SWIFT_EMIT_LOC_STRINGS = YES;
				SWIFT_VERSION = 5.0;
				TARGETED_DEVICE_FAMILY = "1,2";
			};
			name = Release;
		};
/* End XCBuildConfiguration section */

/* Begin XCConfigurationList section */
		6148D5ED27CE13A500B47E12 /* Build configuration list for PBXNativeTarget "RandomUserTests" */ = {
			isa = XCConfigurationList;
			buildConfigurations = (
				6148D5EB27CE13A500B47E12 /* Debug */,
				6148D5EC27CE13A500B47E12 /* Release */,
			);
			defaultConfigurationIsVisible = 0;
			defaultConfigurationName = Release;
		};
		61BA248E27C528D600DE6420 /* Build configuration list for PBXProject "RandomUser" */ = {
			isa = XCConfigurationList;
			buildConfigurations = (
				61BA24A527C528D800DE6420 /* Debug */,
				61BA24A627C528D800DE6420 /* Release */,
			);
			defaultConfigurationIsVisible = 0;
			defaultConfigurationName = Release;
		};
		61BA24A727C528D800DE6420 /* Build configuration list for PBXNativeTarget "RandomUser" */ = {
			isa = XCConfigurationList;
			buildConfigurations = (
				61BA24A827C528D800DE6420 /* Debug */,
				61BA24A927C528D800DE6420 /* Release */,
			);
			defaultConfigurationIsVisible = 0;
			defaultConfigurationName = Release;
		};
/* End XCConfigurationList section */
	};
	rootObject = 61BA248B27C528D600DE6420 /* Project object */;
}
